// !$*UTF8*$!
{
	archiveVersion = 1;
	classes = {
	};
	objectVersion = 46;
	objects = {

/* Begin PBXBuildFile section */
		68F6D24A1F1FE231008A40BE /* AppDelegate.swift in Sources */ = {isa = PBXBuildFile; fileRef = 68F6D2491F1FE231008A40BE /* AppDelegate.swift */; };
		68F6D24C1F1FE231008A40BE /* ViewController.swift in Sources */ = {isa = PBXBuildFile; fileRef = 68F6D24B1F1FE231008A40BE /* ViewController.swift */; };
		68F6D24F1F1FE231008A40BE /* Main.storyboard in Resources */ = {isa = PBXBuildFile; fileRef = 68F6D24D1F1FE231008A40BE /* Main.storyboard */; };
		68F6D2511F1FE231008A40BE /* Assets.xcassets in Resources */ = {isa = PBXBuildFile; fileRef = 68F6D2501F1FE231008A40BE /* Assets.xcassets */; };
		68F6D2541F1FE231008A40BE /* LaunchScreen.storyboard in Resources */ = {isa = PBXBuildFile; fileRef = 68F6D2521F1FE231008A40BE /* LaunchScreen.storyboard */; };
/* End PBXBuildFile section */

/* Begin PBXFileReference section */
		68F6D2461F1FE231008A40BE /* Art.app */ = {isa = PBXFileReference; explicitFileType = wrapper.application; includeInIndex = 0; path = Art.app; sourceTree = BUILT_PRODUCTS_DIR; };
		68F6D2491F1FE231008A40BE /* AppDelegate.swift */ = {isa = PBXFileReference; lastKnownFileType = sourcecode.swift; path = AppDelegate.swift; sourceTree = "<group>"; };
		68F6D24B1F1FE231008A40BE /* ViewController.swift */ = {isa = PBXFileReference; lastKnownFileType = sourcecode.swift; path = ViewController.swift; sourceTree = "<group>"; };
		68F6D24E1F1FE231008A40BE /* Base */ = {isa = PBXFileReference; lastKnownFileType = file.storyboard; name = Base; path = Base.lproj/Main.storyboard; sourceTree = "<group>"; };
		68F6D2501F1FE231008A40BE /* Assets.xcassets */ = {isa = PBXFileReference; lastKnownFileType = folder.assetcatalog; path = Assets.xcassets; sourceTree = "<group>"; };
		68F6D2531F1FE231008A40BE /* Base */ = {isa = PBXFileReference; lastKnownFileType = file.storyboard; name = Base; path = Base.lproj/LaunchScreen.storyboard; sourceTree = "<group>"; };
		68F6D2551F1FE231008A40BE /* Info.plist */ = {isa = PBXFileReference; lastKnownFileType = text.plist.xml; path = Info.plist; sourceTree = "<group>"; };
/* End PBXFileReference section */

/* Begin PBXFrameworksBuildPhase section */
		68F6D2431F1FE231008A40BE /* Frameworks */ = {
			isa = PBXFrameworksBuildPhase;
			buildActionMask = 2147483647;
			files = (
			);
			runOnlyForDeploymentPostprocessing = 0;
		};
/* End PBXFrameworksBuildPhase section */

/* Begin PBXGroup section */
		68F6D23D1F1FE231008A40BE = {
			isa = PBXGroup;
			children = (
				68F6D2481F1FE231008A40BE /* Art */,
				68F6D2471F1FE231008A40BE /* Products */,
			);
			sourceTree = "<group>";
		};
		68F6D2471F1FE231008A40BE /* Products */ = {
			isa = PBXGroup;
			children = (
				68F6D2461F1FE231008A40BE /* Art.app */,
			);
			name = Products;
			sourceTree = "<group>";
		};
		68F6D2481F1FE231008A40BE /* Art */ = {
			isa = PBXGroup;
			children = (
				68F6D2491F1FE231008A40BE /* AppDelegate.swift */,
				68F6D24B1F1FE231008A40BE /* ViewController.swift */,
				68F6D24D1F1FE231008A40BE /* Main.storyboard */,
				68F6D2501F1FE231008A40BE /* Assets.xcassets */,
				68F6D2521F1FE231008A40BE /* LaunchScreen.storyboard */,
				68F6D2551F1FE231008A40BE /* Info.plist */,
			);
			path = Art;
			sourceTree = "<group>";
		};
/* End PBXGroup section */

/* Begin PBXNativeTarget section */
		68F6D2451F1FE231008A40BE /* Art */ = {
			isa = PBXNativeTarget;
			buildConfigurationList = 68F6D2581F1FE231008A40BE /* Build configuration list for PBXNativeTarget "Art" */;
			buildPhases = (
				68F6D2421F1FE231008A40BE /* Sources */,
				68F6D2431F1FE231008A40BE /* Frameworks */,
				68F6D2441F1FE231008A40BE /* Resources */,
			);
			buildRules = (
			);
			dependencies = (
			);
			name = Art;
			productName = Art;
			productReference = 68F6D2461F1FE231008A40BE /* Art.app */;
			productType = "com.apple.product-type.application";
		};
/* End PBXNativeTarget section */

/* Begin PBXProject section */
		68F6D23E1F1FE231008A40BE /* Project object */ = {
			isa = PBXProject;
			attributes = {
				LastSwiftUpdateCheck = 0830;
				LastUpgradeCheck = 0830;
				ORGANIZATIONNAME = "Diya Jolie Mohan";
				TargetAttributes = {
					68F6D2451F1FE231008A40BE = {
						CreatedOnToolsVersion = 8.3.3;
						DevelopmentTeam = 5H2MXDLKMU;
						ProvisioningStyle = Automatic;
					};
				};
			};
			buildConfigurationList = 68F6D2411F1FE231008A40BE /* Build configuration list for PBXProject "Art" */;
			compatibilityVersion = "Xcode 3.2";
			developmentRegion = English;
			hasScannedForEncodings = 0;
			knownRegions = (
				en,
				Base,
			);
			mainGroup = 68F6D23D1F1FE231008A40BE;
			productRefGroup = 68F6D2471F1FE231008A40BE /* Products */;
			projectDirPath = "";
			projectRoot = "";
			targets = (
				68F6D2451F1FE231008A40BE /* Art */,
			);
		};
/* End PBXProject section */

/* Begin PBXResourcesBuildPhase section */
		68F6D2441F1FE231008A40BE /* Resources */ = {
			isa = PBXResourcesBuildPhase;
			buildActionMask = 2147483647;
			files = (
				68F6D2541F1FE231008A40BE /* LaunchScreen.storyboard in Resources */,
				68F6D2511F1FE231008A40BE /* Assets.xcassets in Resources */,
				68F6D24F1F1FE231008A40BE /* Main.storyboard in Resources */,
			);
			runOnlyForDeploymentPostprocessing = 0;
		};
/* End PBXResourcesBuildPhase section */

/* Begin PBXSourcesBuildPhase section */
		68F6D2421F1FE231008A40BE /* Sources */ = {
			isa = PBXSourcesBuildPhase;
			buildActionMask = 2147483647;
			files = (
				68F6D24C1F1FE231008A40BE /* ViewController.swift in Sources */,
				68F6D24A1F1FE231008A40BE /* AppDelegate.swift in Sources */,
			);
			runOnlyForDeploymentPostprocessing = 0;
		};
/* End PBXSourcesBuildPhase section */

/* Begin PBXVariantGroup section */
		68F6D24D1F1FE231008A40BE /* Main.storyboard */ = {
			isa = PBXVariantGroup;
			children = (
				68F6D24E1F1FE231008A40BE /* Base */,
			);
			name = Main.storyboard;
			sourceTree = "<group>";
		};
		68F6D2521F1FE231008A40BE /* LaunchScreen.storyboard */ = {
			isa = PBXVariantGroup;
			children = (
				68F6D2531F1FE231008A40BE /* Base */,
			);
			name = LaunchScreen.storyboard;
			sourceTree = "<group>";
		};
/* End PBXVariantGroup section */

/* Begin XCBuildConfiguration section */
		68F6D2561F1FE231008A40BE /* Debug */ = {
			isa = XCBuildConfiguration;
			buildSettings = {
				ALWAYS_SEARCH_USER_PATHS = NO;
				CLANG_ANALYZER_NONNULL = YES;
				CLANG_ANALYZER_NUMBER_OBJECT_CONVERSION = YES_AGGRESSIVE;
				CLANG_CXX_LANGUAGE_STANDARD = "gnu++0x";
				CLANG_CXX_LIBRARY = "libc++";
				CLANG_ENABLE_MODULES = YES;
				CLANG_ENABLE_OBJC_ARC = YES;
				CLANG_WARN_BOOL_CONVERSION = YES;
				CLANG_WARN_CONSTANT_CONVERSION = YES;
				CLANG_WARN_DIRECT_OBJC_ISA_USAGE = YES_ERROR;
				CLANG_WARN_DOCUMENTATION_COMMENTS = YES;
				CLANG_WARN_EMPTY_BODY = YES;
				CLANG_WARN_ENUM_CONVERSION = YES;
				CLANG_WARN_INFINITE_RECURSION = YES;
				CLANG_WARN_INT_CONVERSION = YES;
				CLANG_WARN_OBJC_ROOT_CLASS = YES_ERROR;
				CLANG_WARN_SUSPICIOUS_MOVE = YES;
				CLANG_WARN_UNREACHABLE_CODE = YES;
				CLANG_WARN__DUPLICATE_METHOD_MATCH = YES;
				"CODE_SIGN_IDENTITY[sdk=iphoneos*]" = "iPhone Developer";
				COPY_PHASE_STRIP = NO;
				DEBUG_INFORMATION_FORMAT = dwarf;
				ENABLE_STRICT_OBJC_MSGSEND = YES;
				ENABLE_TESTABILITY = YES;
				GCC_C_LANGUAGE_STANDARD = gnu99;
				GCC_DYNAMIC_NO_PIC = NO;
				GCC_NO_COMMON_BLOCKS = YES;
				GCC_OPTIMIZATION_LEVEL = 0;
				GCC_PREPROCESSOR_DEFINITIONS = (
					"DEBUG=1",
					"$(inherited)",
				);
				GCC_WARN_64_TO_32_BIT_CONVERSION = YES;
				GCC_WARN_ABOUT_RETURN_TYPE = YES_ERROR;
				GCC_WARN_UNDECLARED_SELECTOR = YES;
				GCC_WARN_UNINITIALIZED_AUTOS = YES_AGGRESSIVE;
				GCC_WARN_UNUSED_FUNCTION = YES;
				GCC_WARN_UNUSED_VARIABLE = YES;
				IPHONEOS_DEPLOYMENT_TARGET = 10.3;
				MTL_ENABLE_DEBUG_INFO = YES;
				ONLY_ACTIVE_ARCH = YES;
				SDKROOT = iphoneos;
				SWIFT_ACTIVE_COMPILATION_CONDITIONS = DEBUG;
				SWIFT_OPTIMIZATION_LEVEL = "-Onone";
				TARGETED_DEVICE_FAMILY = "1,2";
			};
			name = Debug;
		};
		68F6D2571F1FE231008A40BE /* Release */ = {
			isa = XCBuildConfiguration;
			buildSettings = {
				ALWAYS_SEARCH_USER_PATHS = NO;
				CLANG_ANALYZER_NONNULL = YES;
				CLANG_ANALYZER_NUMBER_OBJECT_CONVERSION = YES_AGGRESSIVE;
				CLANG_CXX_LANGUAGE_STANDARD = "gnu++0x";
				CLANG_CXX_LIBRARY = "libc++";
				CLANG_ENABLE_MODULES = YES;
				CLANG_ENABLE_OBJC_ARC = YES;
				CLANG_WARN_BOOL_CONVERSION = YES;
				CLANG_WARN_CONSTANT_CONVERSION = YES;
				CLANG_WARN_DIRECT_OBJC_ISA_USAGE = YES_ERROR;
				CLANG_WARN_DOCUMENTATION_COMMENTS = YES;
				CLANG_WARN_EMPTY_BODY = YES;
				CLANG_WARN_ENUM_CONVERSION = YES;
				CLANG_WARN_INFINITE_RECURSION = YES;
				CLANG_WARN_INT_CONVERSION = YES;
				CLANG_WARN_OBJC_ROOT_CLASS = YES_ERROR;
				CLANG_WARN_SUSPICIOUS_MOVE = YES;
				CLANG_WARN_UNREACHABLE_CODE = YES;
				CLANG_WARN__DUPLICATE_METHOD_MATCH = YES;
				"CODE_SIGN_IDENTITY[sdk=iphoneos*]" = "iPhone Developer";
				COPY_PHASE_STRIP = NO;
				DEBUG_INFORMATION_FORMAT = "dwarf-with-dsym";
				ENABLE_NS_ASSERTIONS = NO;
				ENABLE_STRICT_OBJC_MSGSEND = YES;
				GCC_C_LANGUAGE_STANDARD = gnu99;
				GCC_NO_COMMON_BLOCKS = YES;
				GCC_WARN_64_TO_32_BIT_CONVERSION = YES;
				GCC_WARN_ABOUT_RETURN_TYPE = YES_ERROR;
				GCC_WARN_UNDECLARED_SELECTOR = YES;
				GCC_WARN_UNINITIALIZED_AUTOS = YES_AGGRESSIVE;
				GCC_WARN_UNUSED_FUNCTION = YES;
				GCC_WARN_UNUSED_VARIABLE = YES;
				IPHONEOS_DEPLOYMENT_TARGET = 10.3;
				MTL_ENABLE_DEBUG_INFO = NO;
				SDKROOT = iphoneos;
				SWIFT_OPTIMIZATION_LEVEL = "-Owholemodule";
				TARGETED_DEVICE_FAMILY = "1,2";
				VALIDATE_PRODUCT = YES;
			};
			name = Release;
		};
		68F6D2591F1FE231008A40BE /* Debug */ = {
			isa = XCBuildConfiguration;
			buildSettings = {
				ASSETCATALOG_COMPILER_APPICON_NAME = AppIcon;
				DEVELOPMENT_TEAM = 5H2MXDLKMU;
				INFOPLIST_FILE = Art/Info.plist;
				LD_RUNPATH_SEARCH_PATHS = "$(inherited) @executable_path/Frameworks";
				PRODUCT_BUNDLE_IDENTIFIER = upperlinecode.Art;
				PRODUCT_NAME = "$(TARGET_NAME)";
				SWIFT_VERSION = 3.0;
			};
			name = Debug;
		};
		68F6D25A1F1FE231008A40BE /* Release */ = {
			isa = XCBuildConfiguration;
			buildSettings = {
				ASSETCATALOG_COMPILER_APPICON_NAME = AppIcon;
				DEVELOPMENT_TEAM = 5H2MXDLKMU;
				INFOPLIST_FILE = Art/Info.plist;
				LD_RUNPATH_SEARCH_PATHS = "$(inherited) @executable_path/Frameworks";
				PRODUCT_BUNDLE_IDENTIFIER = upperlinecode.Art;
				PRODUCT_NAME = "$(TARGET_NAME)";
				SWIFT_VERSION = 3.0;
			};
			name = Release;
		};
/* End XCBuildConfiguration section */

/* Begin XCConfigurationList section */
		68F6D2411F1FE231008A40BE /* Build configuration list for PBXProject "Art" */ = {
			isa = XCConfigurationList;
			buildConfigurations = (
				68F6D2561F1FE231008A40BE /* Debug */,
				68F6D2571F1FE231008A40BE /* Release */,
			);
			defaultConfigurationIsVisible = 0;
			defaultConfigurationName = Release;
		};
		68F6D2581F1FE231008A40BE /* Build configuration list for PBXNativeTarget "Art" */ = {
			isa = XCConfigurationList;
			buildConfigurations = (
				68F6D2591F1FE231008A40BE /* Debug */,
				68F6D25A1F1FE231008A40BE /* Release */,
			);
			defaultConfigurationIsVisible = 0;
			defaultConfigurationName = Release;
		};
/* End XCConfigurationList section */
	};
	rootObject = 68F6D23E1F1FE231008A40BE /* Project object */;
}
